
Microsoft Visual Studio Solution File, Format Version 12.00
# Visual Studio Version 16
VisualStudioVersion = 16.0.810.0
MinimumVisualStudioVersion = 10.0.40219.1
Project("{FAE04EC0-301F-11D3-BF4B-00C04F79EFBC}") = "python-poc", "python-poc\python-poc.csproj", "{F189B8F8-C42C-4537-9277-D82A4407FFCC}"
EndProject
Global
	GlobalSection(SolutionConfigurationPlatforms) = preSolution
		Debug|Any CPU = Debug|Any CPU
		Release|Any CPU = Release|Any CPU
	EndGlobalSection
	GlobalSection(ProjectConfigurationPlatforms) = postSolution
		{F189B8F8-C42C-4537-9277-D82A4407FFCC}.Debug|Any CPU.ActiveCfg = Debug|Any CPU
		{F189B8F8-C42C-4537-9277-D82A4407FFCC}.Debug|Any CPU.Build.0 = Debug|Any CPU
		{F189B8F8-C42C-4537-9277-D82A4407FFCC}.Release|Any CPU.ActiveCfg = Release|Any CPU
		{F189B8F8-C42C-4537-9277-D82A4407FFCC}.Release|Any CPU.Build.0 = Release|Any CPU
	EndGlobalSection
	GlobalSection(SolutionProperties) = preSolution
		HideSolutionNode = FALSE
	EndGlobalSection
	GlobalSection(ExtensibilityGlobals) = postSolution
		SolutionGuid = {BFDC9CBF-D6DC-4F6D-935C-BF70E466B7AB}
	EndGlobalSection
EndGlobal
